
Microsoft Visual Studio Solution File, Format Version 12.00
# Visual Studio Version 17
VisualStudioVersion = 17.3.32825.248
MinimumVisualStudioVersion = 10.0.40219.1
Project("{FAE04EC0-301F-11D3-BF4B-00C04F79EFBC}") = "RPSSL", "RPSSL\RPSSL.csproj", "{23A90243-17F9-4F99-AC0A-534AAFBD4858}"
EndProject
Project("{2150E333-8FDC-42A3-9474-1A3956D46DE8}") = "Core", "Core", "{78639E33-91A8-4B9F-B235-AE85F0FF1ECA}"
EndProject
Project("{2150E333-8FDC-42A3-9474-1A3956D46DE8}") = "Presentation", "Presentation", "{5F775A45-4E11-417B-B739-00AE44EA72E3}"
EndProject
Project("{2150E333-8FDC-42A3-9474-1A3956D46DE8}") = "Infrastructure", "Infrastructure", "{B7569807-84D7-4CCF-92B4-2B00396F96BB}"
EndProject
Project("{FAE04EC0-301F-11D3-BF4B-00C04F79EFBC}") = "Persistence", "Persistence\Persistence.csproj", "{72725A02-FA60-4EBE-B687-38B31D5D79C5}"
EndProject
Project("{FAE04EC0-301F-11D3-BF4B-00C04F79EFBC}") = "Infrastructure", "Infrastructure\Infrastructure.csproj", "{96CE6696-7020-4865-8BEE-06BC89ED0F2F}"
EndProject
Project("{FAE04EC0-301F-11D3-BF4B-00C04F79EFBC}") = "Domain", "Domain\Domain.csproj", "{0E0F878C-48F9-43BF-BD67-9FAC9C624CBB}"
EndProject
Project("{FAE04EC0-301F-11D3-BF4B-00C04F79EFBC}") = "Application", "Application\Application.csproj", "{561C22CE-422A-4929-8A01-F2FD0CE2ED52}"
EndProject
Project("{00D1A9C2-B5F0-4AF3-8072-F6C62B433612}") = "RPSSLDB", "RPSSLDB\RPSSLDB.sqlproj", "{74D14124-83F0-4C12-9B8A-16E8E188EB53}"
EndProject
Project("{2150E333-8FDC-42A3-9474-1A3956D46DE8}") = "Tests", "Tests", "{9C86BFBC-7AB0-4C1F-8915-766B004694B9}"
EndProject
Global
	GlobalSection(SolutionConfigurationPlatforms) = preSolution
		Debug|Any CPU = Debug|Any CPU
		Release|Any CPU = Release|Any CPU
	EndGlobalSection
	GlobalSection(ProjectConfigurationPlatforms) = postSolution
		{23A90243-17F9-4F99-AC0A-534AAFBD4858}.Debug|Any CPU.ActiveCfg = Debug|Any CPU
		{23A90243-17F9-4F99-AC0A-534AAFBD4858}.Debug|Any CPU.Build.0 = Debug|Any CPU
		{23A90243-17F9-4F99-AC0A-534AAFBD4858}.Release|Any CPU.ActiveCfg = Release|Any CPU
		{23A90243-17F9-4F99-AC0A-534AAFBD4858}.Release|Any CPU.Build.0 = Release|Any CPU
		{72725A02-FA60-4EBE-B687-38B31D5D79C5}.Debug|Any CPU.ActiveCfg = Debug|Any CPU
		{72725A02-FA60-4EBE-B687-38B31D5D79C5}.Debug|Any CPU.Build.0 = Debug|Any CPU
		{72725A02-FA60-4EBE-B687-38B31D5D79C5}.Release|Any CPU.ActiveCfg = Release|Any CPU
		{72725A02-FA60-4EBE-B687-38B31D5D79C5}.Release|Any CPU.Build.0 = Release|Any CPU
		{96CE6696-7020-4865-8BEE-06BC89ED0F2F}.Debug|Any CPU.ActiveCfg = Debug|Any CPU
		{96CE6696-7020-4865-8BEE-06BC89ED0F2F}.Debug|Any CPU.Build.0 = Debug|Any CPU
		{96CE6696-7020-4865-8BEE-06BC89ED0F2F}.Release|Any CPU.ActiveCfg = Release|Any CPU
		{96CE6696-7020-4865-8BEE-06BC89ED0F2F}.Release|Any CPU.Build.0 = Release|Any CPU
		{0E0F878C-48F9-43BF-BD67-9FAC9C624CBB}.Debug|Any CPU.ActiveCfg = Debug|Any CPU
		{0E0F878C-48F9-43BF-BD67-9FAC9C624CBB}.Debug|Any CPU.Build.0 = Debug|Any CPU
		{0E0F878C-48F9-43BF-BD67-9FAC9C624CBB}.Release|Any CPU.ActiveCfg = Release|Any CPU
		{0E0F878C-48F9-43BF-BD67-9FAC9C624CBB}.Release|Any CPU.Build.0 = Release|Any CPU
		{561C22CE-422A-4929-8A01-F2FD0CE2ED52}.Debug|Any CPU.ActiveCfg = Debug|Any CPU
		{561C22CE-422A-4929-8A01-F2FD0CE2ED52}.Debug|Any CPU.Build.0 = Debug|Any CPU
		{561C22CE-422A-4929-8A01-F2FD0CE2ED52}.Release|Any CPU.ActiveCfg = Release|Any CPU
		{561C22CE-422A-4929-8A01-F2FD0CE2ED52}.Release|Any CPU.Build.0 = Release|Any CPU
		{74D14124-83F0-4C12-9B8A-16E8E188EB53}.Debug|Any CPU.ActiveCfg = Debug|Any CPU
		{74D14124-83F0-4C12-9B8A-16E8E188EB53}.Debug|Any CPU.Build.0 = Debug|Any CPU
		{74D14124-83F0-4C12-9B8A-16E8E188EB53}.Debug|Any CPU.Deploy.0 = Debug|Any CPU
		{74D14124-83F0-4C12-9B8A-16E8E188EB53}.Release|Any CPU.ActiveCfg = Release|Any CPU
		{74D14124-83F0-4C12-9B8A-16E8E188EB53}.Release|Any CPU.Build.0 = Release|Any CPU
		{74D14124-83F0-4C12-9B8A-16E8E188EB53}.Release|Any CPU.Deploy.0 = Release|Any CPU
	EndGlobalSection
	GlobalSection(SolutionProperties) = preSolution
		HideSolutionNode = FALSE
	EndGlobalSection
	GlobalSection(NestedProjects) = preSolution
		{23A90243-17F9-4F99-AC0A-534AAFBD4858} = {5F775A45-4E11-417B-B739-00AE44EA72E3}
		{72725A02-FA60-4EBE-B687-38B31D5D79C5} = {B7569807-84D7-4CCF-92B4-2B00396F96BB}
		{96CE6696-7020-4865-8BEE-06BC89ED0F2F} = {B7569807-84D7-4CCF-92B4-2B00396F96BB}
		{0E0F878C-48F9-43BF-BD67-9FAC9C624CBB} = {78639E33-91A8-4B9F-B235-AE85F0FF1ECA}
		{561C22CE-422A-4929-8A01-F2FD0CE2ED52} = {78639E33-91A8-4B9F-B235-AE85F0FF1ECA}
		{74D14124-83F0-4C12-9B8A-16E8E188EB53} = {B7569807-84D7-4CCF-92B4-2B00396F96BB}
	EndGlobalSection
	GlobalSection(ExtensibilityGlobals) = postSolution
		SolutionGuid = {A03F9AC4-E447-463B-9D53-EEDB27AA4F9E}
	EndGlobalSection
EndGlobal
